
Microsoft Visual Studio Solution File, Format Version 12.00
# Visual Studio Version 17
VisualStudioVersion = 17.7.33906.173
MinimumVisualStudioVersion = 10.0.40219.1
Project("{9A19103F-16F7-4668-BE54-9A1E7A4F7556}") = "AvaloniaApplication1", "AvaloniaApplication1\AvaloniaApplication1.csproj", "{4111ABDB-F005-42C3-97E4-592994E481BE}"
EndProject
Project("{9A19103F-16F7-4668-BE54-9A1E7A4F7556}") = "AvaloniaApplication1.Android", "AvaloniaApplication1.Android\AvaloniaApplication1.Android.csproj", "{30F1631F-6964-48D4-A32D-E9753213EBD2}"
EndProject
Project("{9A19103F-16F7-4668-BE54-9A1E7A4F7556}") = "AvaloniaApplication1.Desktop", "AvaloniaApplication1.Desktop\AvaloniaApplication1.Desktop.csproj", "{FDFB1B01-2C74-49AF-9721-89E1E0ABAFCA}"
EndProject
Project("{9A19103F-16F7-4668-BE54-9A1E7A4F7556}") = "AvaloniaApplication1.iOS", "AvaloniaApplication1.iOS\AvaloniaApplication1.iOS.csproj", "{4CF6FDB7-C072-4F59-B84D-3DCB013477A6}"
EndProject
Project("{9A19103F-16F7-4668-BE54-9A1E7A4F7556}") = "AvaloniaApplication1.Browser", "AvaloniaApplication1.Browser\AvaloniaApplication1.Browser.csproj", "{0D091635-075F-424E-A9C2-19C96EBB6B8F}"
EndProject
Global
	GlobalSection(SolutionConfigurationPlatforms) = preSolution
		Debug|Any CPU = Debug|Any CPU
		Release|Any CPU = Release|Any CPU
	EndGlobalSection
	GlobalSection(ProjectConfigurationPlatforms) = postSolution
		{4111ABDB-F005-42C3-97E4-592994E481BE}.Debug|Any CPU.ActiveCfg = Debug|Any CPU
		{4111ABDB-F005-42C3-97E4-592994E481BE}.Debug|Any CPU.Build.0 = Debug|Any CPU
		{4111ABDB-F005-42C3-97E4-592994E481BE}.Release|Any CPU.ActiveCfg = Release|Any CPU
		{4111ABDB-F005-42C3-97E4-592994E481BE}.Release|Any CPU.Build.0 = Release|Any CPU
		{30F1631F-6964-48D4-A32D-E9753213EBD2}.Debug|Any CPU.ActiveCfg = Debug|Any CPU
		{30F1631F-6964-48D4-A32D-E9753213EBD2}.Debug|Any CPU.Build.0 = Debug|Any CPU
		{30F1631F-6964-48D4-A32D-E9753213EBD2}.Debug|Any CPU.Deploy.0 = Debug|Any CPU
		{30F1631F-6964-48D4-A32D-E9753213EBD2}.Release|Any CPU.ActiveCfg = Release|Any CPU
		{30F1631F-6964-48D4-A32D-E9753213EBD2}.Release|Any CPU.Build.0 = Release|Any CPU
		{30F1631F-6964-48D4-A32D-E9753213EBD2}.Release|Any CPU.Deploy.0 = Release|Any CPU
		{FDFB1B01-2C74-49AF-9721-89E1E0ABAFCA}.Debug|Any CPU.ActiveCfg = Debug|Any CPU
		{FDFB1B01-2C74-49AF-9721-89E1E0ABAFCA}.Debug|Any CPU.Build.0 = Debug|Any CPU
		{FDFB1B01-2C74-49AF-9721-89E1E0ABAFCA}.Release|Any CPU.ActiveCfg = Release|Any CPU
		{FDFB1B01-2C74-49AF-9721-89E1E0ABAFCA}.Release|Any CPU.Build.0 = Release|Any CPU
		{4CF6FDB7-C072-4F59-B84D-3DCB013477A6}.Debug|Any CPU.ActiveCfg = Debug|Any CPU
		{4CF6FDB7-C072-4F59-B84D-3DCB013477A6}.Debug|Any CPU.Build.0 = Debug|Any CPU
		{4CF6FDB7-C072-4F59-B84D-3DCB013477A6}.Debug|Any CPU.Deploy.0 = Debug|Any CPU
		{4CF6FDB7-C072-4F59-B84D-3DCB013477A6}.Release|Any CPU.ActiveCfg = Release|Any CPU
		{4CF6FDB7-C072-4F59-B84D-3DCB013477A6}.Release|Any CPU.Build.0 = Release|Any CPU
		{4CF6FDB7-C072-4F59-B84D-3DCB013477A6}.Release|Any CPU.Deploy.0 = Release|Any CPU
		{0D091635-075F-424E-A9C2-19C96EBB6B8F}.Debug|Any CPU.ActiveCfg = Debug|Any CPU
		{0D091635-075F-424E-A9C2-19C96EBB6B8F}.Debug|Any CPU.Build.0 = Debug|Any CPU
		{0D091635-075F-424E-A9C2-19C96EBB6B8F}.Release|Any CPU.ActiveCfg = Release|Any CPU
		{0D091635-075F-424E-A9C2-19C96EBB6B8F}.Release|Any CPU.Build.0 = Release|Any CPU
	EndGlobalSection
	GlobalSection(SolutionProperties) = preSolution
		HideSolutionNode = FALSE
	EndGlobalSection
	GlobalSection(ExtensibilityGlobals) = postSolution
		SolutionGuid = {23C32392-4286-474A-8935-7C1DA58B6F21}
	EndGlobalSection
EndGlobal
